
Microsoft Visual Studio Solution File, Format Version 12.00
# Visual Studio Version 17
VisualStudioVersion = 17.4.33213.308
MinimumVisualStudioVersion = 10.0.40219.1
Project("{9A19103F-16F7-4668-BE54-9A1E7A4F7556}") = "LineAbility", "LineAbility\LineAbility.csproj", "{6CB536E9-6B10-4AB2-BE1D-85882649377E}"
EndProject
Project("{9A19103F-16F7-4668-BE54-9A1E7A4F7556}") = "RectangleAbility", "RectangleAbility\RectangleAbility.csproj", "{80A3F449-3E1A-4F5F-A702-655142D6D01C}"
EndProject
Project("{9A19103F-16F7-4668-BE54-9A1E7A4F7556}") = "Paint", "Paint\Paint.csproj", "{D01E49EB-DC54-4B5B-88F4-37AB9D3B45A2}"
EndProject
Project("{9A19103F-16F7-4668-BE54-9A1E7A4F7556}") = "EllipseAbility", "EllipseAbility\EllipseAbility.csproj", "{202A6E4B-3F31-4D6B-8736-DEA5A93CB6F4}"
EndProject
Project("{9A19103F-16F7-4668-BE54-9A1E7A4F7556}") = "ShapeAbilityContract", "ShapeAbilityContract\ShapeAbilityContract.csproj", "{B2B80B95-568E-4EAB-8B9D-5953CD9E604F}"
EndProject
Global
	GlobalSection(SolutionConfigurationPlatforms) = preSolution
		Debug|Any CPU = Debug|Any CPU
		Release|Any CPU = Release|Any CPU
	EndGlobalSection
	GlobalSection(ProjectConfigurationPlatforms) = postSolution
		{6CB536E9-6B10-4AB2-BE1D-85882649377E}.Debug|Any CPU.ActiveCfg = Debug|Any CPU
		{6CB536E9-6B10-4AB2-BE1D-85882649377E}.Debug|Any CPU.Build.0 = Debug|Any CPU
		{6CB536E9-6B10-4AB2-BE1D-85882649377E}.Release|Any CPU.ActiveCfg = Release|Any CPU
		{6CB536E9-6B10-4AB2-BE1D-85882649377E}.Release|Any CPU.Build.0 = Release|Any CPU
		{80A3F449-3E1A-4F5F-A702-655142D6D01C}.Debug|Any CPU.ActiveCfg = Debug|Any CPU
		{80A3F449-3E1A-4F5F-A702-655142D6D01C}.Debug|Any CPU.Build.0 = Debug|Any CPU
		{80A3F449-3E1A-4F5F-A702-655142D6D01C}.Release|Any CPU.ActiveCfg = Release|Any CPU
		{80A3F449-3E1A-4F5F-A702-655142D6D01C}.Release|Any CPU.Build.0 = Release|Any CPU
		{D01E49EB-DC54-4B5B-88F4-37AB9D3B45A2}.Debug|Any CPU.ActiveCfg = Debug|Any CPU
		{D01E49EB-DC54-4B5B-88F4-37AB9D3B45A2}.Debug|Any CPU.Build.0 = Debug|Any CPU
		{D01E49EB-DC54-4B5B-88F4-37AB9D3B45A2}.Release|Any CPU.ActiveCfg = Release|Any CPU
		{D01E49EB-DC54-4B5B-88F4-37AB9D3B45A2}.Release|Any CPU.Build.0 = Release|Any CPU
		{202A6E4B-3F31-4D6B-8736-DEA5A93CB6F4}.Debug|Any CPU.ActiveCfg = Debug|Any CPU
		{202A6E4B-3F31-4D6B-8736-DEA5A93CB6F4}.Debug|Any CPU.Build.0 = Debug|Any CPU
		{202A6E4B-3F31-4D6B-8736-DEA5A93CB6F4}.Release|Any CPU.ActiveCfg = Release|Any CPU
		{202A6E4B-3F31-4D6B-8736-DEA5A93CB6F4}.Release|Any CPU.Build.0 = Release|Any CPU
		{B2B80B95-568E-4EAB-8B9D-5953CD9E604F}.Debug|Any CPU.ActiveCfg = Debug|Any CPU
		{B2B80B95-568E-4EAB-8B9D-5953CD9E604F}.Debug|Any CPU.Build.0 = Debug|Any CPU
		{B2B80B95-568E-4EAB-8B9D-5953CD9E604F}.Release|Any CPU.ActiveCfg = Release|Any CPU
		{B2B80B95-568E-4EAB-8B9D-5953CD9E604F}.Release|Any CPU.Build.0 = Release|Any CPU
	EndGlobalSection
	GlobalSection(SolutionProperties) = preSolution
		HideSolutionNode = FALSE
	EndGlobalSection
	GlobalSection(ExtensibilityGlobals) = postSolution
		SolutionGuid = {2E9691D3-74AF-4315-AA24-7743C5E21197}
	EndGlobalSection
EndGlobal
